{
  "name": "@alfresco/adf-process-services-cloud",
  "version": "6.9.1",
  "lockfileVersion": 3,
  "requires": true,
  "packages": {
    "": {
      "name": "@alfresco/adf-process-services-cloud",
      "version": "6.9.1",
      "license": "Apache-2.0",
      "dependencies": {
        "@editorjs/code": "2.9.0",
        "@editorjs/editorjs": "^2.29.0",
        "@editorjs/header": "2.8.1",
        "@editorjs/inline-code": "1.5.0",
        "@editorjs/list": "1.9.0",
        "@editorjs/marker": "1.4.0",
        "@editorjs/underline": "1.1.0",
        "@quanzo/change-font-size": "1.0.0",
        "editorjs-html": "3.4.3",
        "editorjs-paragraph-with-alignment": "3.0.0",
        "editorjs-text-color-plugin": "2.0.4"
      },
      "peerDependencies": {
        "@alfresco/adf-content-services": ">=6.6.0",
        "@alfresco/adf-core": ">=6.6.0",
        "@alfresco/js-api": ">=7.5.0",
        "@angular/animations": ">=14.1.3",
        "@angular/cdk": ">=14.1.2",
        "@angular/common": ">=14.1.3",
        "@angular/compiler": ">=14.1.3",
        "@angular/core": ">=14.1.3",
        "@angular/forms": ">=14.1.3",
        "@angular/material": ">=14.1.2",
        "@angular/platform-browser": ">=14.1.3",
        "@angular/platform-browser-dynamic": ">=14.1.3",
        "@angular/router": ">=14.1.3",
        "@apollo/client": "^3.7.2",
        "@ngx-translate/core": ">=14.0.0",
        "apollo-angular": "^4.0.1",
        "subscriptions-transport-ws": "^0.11.0"
      }
    },
    "node_modules/@codexteam/icons": {
      "version": "0.0.5",
      "resolved": "https://registry.npmjs.org/@codexteam/icons/-/icons-0.0.5.tgz",
      "integrity": "sha512-s6H2KXhLz2rgbMZSkRm8dsMJvyUNZsEjxobBEg9ztdrb1B2H3pEzY6iTwI4XUPJWJ3c3qRKwV4TrO3J5jUdoQA=="
    },
    "node_modules/@editorjs/code": {
      "version": "2.9.0",
      "resolved": "https://registry.npmjs.org/@editorjs/code/-/code-2.9.0.tgz",
      "integrity": "sha512-QNOWxF29j6mYl/gM5HJzeGOt3s4laoZCUbuRqj6RkIvLBWMU+ASwjckEiouA61hcYUOMfpw4vQjzhsfC7xm/vA==",
      "dependencies": {
        "@codexteam/icons": "^0.0.5"
      }
    },
    "node_modules/@editorjs/editorjs": {
      "version": "2.29.0",
      "resolved": "https://registry.npmjs.org/@editorjs/editorjs/-/editorjs-2.29.0.tgz",
      "integrity": "sha512-w2BVboSHokMBd/cAOZn0UU328o3gSZ8XUvFPA2e9+ciIGKILiRSPB70kkNdmhHkuNS3q2px+vdaIFaywBl7wGA=="
    },
    "node_modules/@editorjs/header": {
      "version": "2.8.1",
      "resolved": "https://registry.npmjs.org/@editorjs/header/-/header-2.8.1.tgz",
      "integrity": "sha512-y0HVXRP7m2W617CWo3fsb5HhXmSLaRpb9GzFx0Vkp/HEm9Dz5YO1s8tC7R8JD3MskwoYh7V0hRFQt39io/r6hA==",
      "dependencies": {
        "@codexteam/icons": "^0.0.5"
      }
    },
    "node_modules/@editorjs/inline-code": {
      "version": "1.5.0",
      "resolved": "https://registry.npmjs.org/@editorjs/inline-code/-/inline-code-1.5.0.tgz",
      "integrity": "sha512-5i6BCOG8eOg4/6qGoLJuL6XSZZg834zIByDW8K80doM1L7ss/VqtLY0nrB2Q5bfs1KA0tOlVHOfjE4JD4438FQ==",
      "dependencies": {
        "@codexteam/icons": "^0.0.5"
      }
    },
    "node_modules/@editorjs/list": {
      "version": "1.9.0",
      "resolved": "https://registry.npmjs.org/@editorjs/list/-/list-1.9.0.tgz",
      "integrity": "sha512-BQEvZW4vi0O0dBvGNljiKxiE89vMSHoM2Tu2OzKUndoj7pY9AxqpgCh1qvwIVsJAlG4Lbt/vBFQilnoStMmI6A==",
      "dependencies": {
        "@codexteam/icons": "^0.0.4"
      }
    },
    "node_modules/@editorjs/list/node_modules/@codexteam/icons": {
      "version": "0.0.4",
      "resolved": "https://registry.npmjs.org/@codexteam/icons/-/icons-0.0.4.tgz",
      "integrity": "sha512-V8N/TY2TGyas4wLrPIFq7bcow68b3gu8DfDt1+rrHPtXxcexadKauRJL6eQgfG7Z0LCrN4boLRawR4S9gjIh/Q=="
    },
    "node_modules/@editorjs/marker": {
      "version": "1.4.0",
      "resolved": "https://registry.npmjs.org/@editorjs/marker/-/marker-1.4.0.tgz",
      "integrity": "sha512-5ipEXfL44jTTRzgNp/p/YjMO7jT08S5z4V8qA3FFJTfdhKgQyM3mvP1zpdYKw47ZZpVWMCncvk5Nto3BxihEtg==",
      "dependencies": {
        "@codexteam/icons": "^0.0.5"
      }
    },
    "node_modules/@editorjs/underline": {
      "version": "1.1.0",
      "resolved": "https://registry.npmjs.org/@editorjs/underline/-/underline-1.1.0.tgz",
      "integrity": "sha512-vQj2ROW1KreD31QHlhaPikmDJGWYzRBusN4Zyfwl9nIIQCByt4S8fZQpsrRvH4sct5mkirsHllNT00rJlqHK7Q==",
      "dependencies": {
        "@codexteam/icons": "^0.0.6"
      }
    },
    "node_modules/@editorjs/underline/node_modules/@codexteam/icons": {
      "version": "0.0.6",
      "resolved": "https://registry.npmjs.org/@codexteam/icons/-/icons-0.0.6.tgz",
      "integrity": "sha512-L7Q5PET8PjKcBT5wp7VR+FCjwCi5PUp7rd/XjsgQ0CI5FJz0DphyHGRILMuDUdCW2MQT9NHbVr4QP31vwAkS/A=="
    },
    "node_modules/@quanzo/change-font-size": {
      "version": "1.0.0",
      "resolved": "https://registry.npmjs.org/@quanzo/change-font-size/-/change-font-size-1.0.0.tgz",
      "integrity": "sha512-Gwp68CHT45mjszaELuTCOLsakWrUVmcrIEUJGOaGgPTr6VWqoqdFiyuHqtyGmO5/69eoo/HIzlYJ7z3NYgJ3Fg=="
    },
    "node_modules/editorjs-html": {
      "version": "3.4.3",
      "resolved": "https://registry.npmjs.org/editorjs-html/-/editorjs-html-3.4.3.tgz",
      "integrity": "sha512-HMqQ3BCE98uhSpJsbfH0c3CoMctUMCHlap2Eq/7/VjaHas+g3IJqyf+ERtMByoQCzvcW22ISYaZEeE7rGkd8Xg=="
    },
    "node_modules/editorjs-paragraph-with-alignment": {
      "version": "3.0.0",
      "resolved": "https://registry.npmjs.org/editorjs-paragraph-with-alignment/-/editorjs-paragraph-with-alignment-3.0.0.tgz",
      "integrity": "sha512-vSjjB/KUECEBxYqbj9yn1L799L14n0uoKrvk5qfaAokIHB8mYg5hZ8mOTtoS2cJu+xE3QZ/jmHY/Fh0EJeM8ZQ=="
    },
    "node_modules/editorjs-text-color-plugin": {
      "version": "2.0.4",
      "resolved": "https://registry.npmjs.org/editorjs-text-color-plugin/-/editorjs-text-color-plugin-2.0.4.tgz",
      "integrity": "sha512-QpibTkOxs3ndlKNOLT8ZlC4ktc3/eKIajiLO0Jm/hh9AJug/CrM1/rAvHy+ldfUKavbWeI+YZvgjad0YTyoyGw=="
    }
  }
}
